{
  "lockfile-version": 1,
  "manifest": {
    "version": 1,
    "install": {
      "bat": {
        "pkg-path": "bat"
      },
      "curl": {
        "pkg-path": "curl"
      },
      "gum": {
        "pkg-path": "gum"
      },
      "nodejs": {
        "pkg-path": "nodejs"
      },
      "pip": {
        "pkg-path": "python312Packages.pip"
      },
      "uv": {
        "pkg-path": "uv"
      }
    },
    "vars": {
      "MCP_SCRIPTS_REPO": "https://raw.githubusercontent.com/barstoolbluz/anthropic-mcp/main/.flox/cache",
      "MCP_SERVER_NAME": "mcp-server",
      "MCP_SERVER_VERSION": "0.1.0"
    },
    "hook": {
      "on-activate": "# setup dirs\nmkdir -p \"${FLOX_ENV_CACHE}/mcp\" \"${FLOX_ENV_CACHE}/bin\" \"${FLOX_ENV_CACHE}/scripts\"\n\n# get shell scripts\nif [ ! -f \"${FLOX_ENV_CACHE}/scripts/mcp-bash.sh\" ]; then\n  echo \"Downloading MCP shell function scripts...\"\n  curl -s -o \"${FLOX_ENV_CACHE}/scripts/mcp-bash.sh\" \"${MCP_SCRIPTS_REPO}/scripts/mcp-bash.sh\"\n  curl -s -o \"${FLOX_ENV_CACHE}/scripts/mcp-zsh.sh\" \"${MCP_SCRIPTS_REPO}/scripts/mcp-zsh.sh\"\n  curl -s -o \"${FLOX_ENV_CACHE}/scripts/mcp-fish.fish\" \"${MCP_SCRIPTS_REPO}/scripts/mcp-fish.fish\"\n  chmod +x \"${FLOX_ENV_CACHE}/scripts/mcp-\"*\nfi\n\n# load bash funcs\nsource \"${FLOX_ENV_CACHE}/scripts/mcp-bash.sh\"\n\n# install mcp cli\nif ! command -v \"${FLOX_ENV_CACHE}/venv/bin/mcp\" &> /dev/null; then\n  echo \"Installing MCP with CLI tools...\"\n  \n  # handle ld_audit\n  [ -n \"$LD_AUDIT\" ] && { LD_AUDIT_BACKUP=\"$LD_AUDIT\"; export LD_AUDIT_BACKUP; unset LD_AUDIT; }\n  \n  # create venv and install\n  uv venv \"${FLOX_ENV_CACHE}/venv\" --seed --link-mode=copy\n  source \"${FLOX_ENV_CACHE}/venv/bin/activate\"\n  pip install \"mcp[cli]\"\n  deactivate\n  \n  # restore ld_audit\n  [ -n \"$LD_AUDIT_BACKUP\" ] && { export LD_AUDIT=\"$LD_AUDIT_BACKUP\"; unset LD_AUDIT_BACKUP; }\nfi\n\n# load/set mode\n[ -f \"${FLOX_ENV_CACHE}/mcp/config.sh\" ] && source \"${FLOX_ENV_CACHE}/mcp/config.sh\" || export MCP_ENV_MODE=\"dev\"\n\n# first run setup\nFIRST_RUN_MARKER=\"${FLOX_ENV_CACHE}/.first_run_complete\"\nif [[ ! -f \"$FIRST_RUN_MARKER\" && ! -f \"server.py\" ]]; then\n  echo \"First run detected. Creating server.py automatically...\"\n  create_server_template \"server.py\"\n  echo \"Server file created. Run with: mcp-dev server.py\"\n  touch \"$FIRST_RUN_MARKER\"\nfi\n\n# show help\ninfo\n"
    },
    "profile": {
      "bash": "# add to path\nexport PATH=\"${FLOX_ENV_CACHE}/bin:${FLOX_ENV_CACHE}/venv/bin:$PATH\"\nexport PYTHONPATH=\".:$PYTHONPATH\"\n\n# load functions\nsource \"${FLOX_ENV_CACHE}/scripts/mcp-bash.sh\"\n\n# create shortcut\nif [ -f \"$FLOX_ENV_PROJECT/.mcp-server-command.sh\" ]; then\n  mcp-server() {\n    export MCP_SERVICE_MODE=\"manual\"\n    \"$FLOX_ENV_PROJECT/.mcp-server-command.sh\"\n  }\n  export -f mcp-server\nfi\n",
      "zsh": "# add to path\nexport PATH=\"${FLOX_ENV_CACHE}/bin:${FLOX_ENV_CACHE}/venv/bin:$PATH\" \nexport PYTHONPATH=\".:$PYTHONPATH\"\n\n# load functions\nsource \"${FLOX_ENV_CACHE}/scripts/mcp-zsh.sh\"\n\n# create shortcut\nif [ -f \"$FLOX_ENV_PROJECT/.mcp-server-command.sh\" ]; then\n  mcp-server() {\n    export MCP_SERVICE_MODE=\"manual\"\n    \"$FLOX_ENV_PROJECT/.mcp-server-command.sh\"\n  }\nfi\n",
      "fish": "# add to path\nset -gx PATH \"$FLOX_ENV_CACHE/bin\" \"$FLOX_ENV_CACHE/venv/bin\" $PATH\nset -gx PYTHONPATH \".\" $PYTHONPATH\n\n# load functions\nsource \"$FLOX_ENV_CACHE/scripts/mcp-fish.fish\"\n\n# create shortcut\nif test -f \"$FLOX_ENV_PROJECT/.mcp-server-command.sh\"\n  function mcp-server\n    set -gx MCP_SERVICE_MODE \"manual\"\n    \"$FLOX_ENV_PROJECT/.mcp-server-command.sh\"\n  end\nend\n"
    },
    "options": {
      "systems": [
        "aarch64-darwin",
        "aarch64-linux",
        "x86_64-darwin",
        "x86_64-linux"
      ],
      "allow": {
        "licenses": []
      },
      "semver": {}
    },
    "services": {
      "mcp-server": {
        "command": "#!/usr/bin/env bash\n# preserve ld_audit\n[ -n \"$LD_AUDIT\" ] && { LD_AUDIT_BACKUP=\"$LD_AUDIT\"; export LD_AUDIT_BACKUP; unset LD_AUDIT; }\n\n# add venv to path\nexport PATH=\"${FLOX_ENV_CACHE}/venv/bin:$PATH\"\n\n# run server\nif [ -f \"${FLOX_ENV_PROJECT}/.mcp-server-command.sh\" ]; then\n  \"${FLOX_ENV_PROJECT}/.mcp-server-command.sh\"\nelse\n  cd \"${FLOX_ENV_PROJECT}\"\n  if [ \"${MCP_ENV_MODE:-dev}\" = \"run\" ]; then\n    \"${FLOX_ENV_CACHE}/venv/bin/mcp\" run server.py\n  else\n    \"${FLOX_ENV_CACHE}/venv/bin/mcp\" dev server.py\n  fi\nfi\n\n# restore ld_audit\n[ -n \"$LD_AUDIT_BACKUP\" ] && { export LD_AUDIT=\"$LD_AUDIT_BACKUP\"; unset LD_AUDIT_BACKUP; }\n"
      }
    }
  },
  "packages": [
    {
      "attr_path": "bat",
      "broken": false,
      "derivation": "/nix/store/k87h65rc80v5p3gh3bf4yv4z7y09g795-bat-0.25.0.drv",
      "description": "Cat(1) clone with syntax highlighting and Git integration",
      "install_id": "bat",
      "license": "[ Apache-2.0, MIT ]",
      "locked_url": "https://github.com/flox/nixpkgs?rev=5e5402ecbcb27af32284d4a62553c019a3a49ea6",
      "name": "bat-0.25.0",
      "pname": "bat",
      "rev": "5e5402ecbcb27af32284d4a62553c019a3a49ea6",
      "rev_count": 775060,
      "rev_date": "2025-03-27T17:14:43Z",
      "scrape_date": "2025-03-29T01:10:05.124625Z",
      "stabilities": [
        "unstable"
      ],
      "unfree": false,
      "version": "0.25.0",
      "outputs_to_install": [
        "out"
      ],
      "outputs": {
        "out": "/nix/store/irv8ipwj1l4llyn1wp91zzaksjzwc3gq-bat-0.25.0"
      },
      "system": "aarch64-darwin",
      "group": "toplevel",
      "priority": 5
    },
    {
      "attr_path": "bat",
      "broken": false,
      "derivation": "/nix/store/b3y12i7hm5vlv7cbxzx59hcv9fvs1j8m-bat-0.25.0.drv",
      "description": "Cat(1) clone with syntax highlighting and Git integration",
      "install_id": "bat",
      "license": "[ Apache-2.0, MIT ]",
      "locked_url": "https://github.com/flox/nixpkgs?rev=5e5402ecbcb27af32284d4a62553c019a3a49ea6",
      "name": "bat-0.25.0",
      "pname": "bat",
      "rev": "5e5402ecbcb27af32284d4a62553c019a3a49ea6",
      "rev_count": 775060,
      "rev_date": "2025-03-27T17:14:43Z",
      "scrape_date": "2025-03-29T01:27:28.501271Z",
      "stabilities": [
        "unstable"
      ],
      "unfree": false,
      "version": "0.25.0",
      "outputs_to_install": [
        "out"
      ],
      "outputs": {
        "out": "/nix/store/w3w9wsyx97ydlplx1svh9a7kjgqvhza5-bat-0.25.0"
      },
      "system": "aarch64-linux",
      "group": "toplevel",
      "priority": 5
    },
    {
      "attr_path": "bat",
      "broken": false,
      "derivation": "/nix/store/vrqigh1anl38fchzrjqm2fxf4vnd6322-bat-0.25.0.drv",
      "description": "Cat(1) clone with syntax highlighting and Git integration",
      "install_id": "bat",
      "license": "[ Apache-2.0, MIT ]",
      "locked_url": "https://github.com/flox/nixpkgs?rev=5e5402ecbcb27af32284d4a62553c019a3a49ea6",
      "name": "bat-0.25.0",
      "pname": "bat",
      "rev": "5e5402ecbcb27af32284d4a62553c019a3a49ea6",
      "rev_count": 775060,
      "rev_date": "2025-03-27T17:14:43Z",
      "scrape_date": "2025-03-29T01:42:39.885920Z",
      "stabilities": [
        "unstable"
      ],
      "unfree": false,
      "version": "0.25.0",
      "outputs_to_install": [
        "out"
      ],
      "outputs": {
        "out": "/nix/store/xrpz9ssq6ld27gykh5ks6k0nwysar3mm-bat-0.25.0"
      },
      "system": "x86_64-darwin",
      "group": "toplevel",
      "priority": 5
    },
    {
      "attr_path": "bat",
      "broken": false,
      "derivation": "/nix/store/ilshrgbnlgj5jy5pihbiq286sh79i9vs-bat-0.25.0.drv",
      "description": "Cat(1) clone with syntax highlighting and Git integration",
      "install_id": "bat",
      "license": "[ Apache-2.0, MIT ]",
      "locked_url": "https://github.com/flox/nixpkgs?rev=5e5402ecbcb27af32284d4a62553c019a3a49ea6",
      "name": "bat-0.25.0",
      "pname": "bat",
      "rev": "5e5402ecbcb27af32284d4a62553c019a3a49ea6",
      "rev_count": 775060,
      "rev_date": "2025-03-27T17:14:43Z",
      "scrape_date": "2025-03-29T02:01:05.130196Z",
      "stabilities": [
        "unstable"
      ],
      "unfree": false,
      "version": "0.25.0",
      "outputs_to_install": [
        "out"
      ],
      "outputs": {
        "out": "/nix/store/zzhja6297wxrrr8hwadngv5zv07yn0f1-bat-0.25.0"
      },
      "system": "x86_64-linux",
      "group": "toplevel",
      "priority": 5
    },
    {
      "attr_path": "curl",
      "broken": false,
      "derivation": "/nix/store/1lhp10v70mj2ph77pvs31d7xlpxgc361-curl-8.12.1.drv",
      "description": "Command line tool for transferring files with URL syntax",
      "install_id": "curl",
      "license": "curl",
      "locked_url": "https://github.com/flox/nixpkgs?rev=5e5402ecbcb27af32284d4a62553c019a3a49ea6",
      "name": "curl-8.12.1",
      "pname": "curl",
      "rev": "5e5402ecbcb27af32284d4a62553c019a3a49ea6",
      "rev_count": 775060,
      "rev_date": "2025-03-27T17:14:43Z",
      "scrape_date": "2025-03-29T01:10:05.330787Z",
      "stabilities": [
        "unstable"
      ],
      "unfree": false,
      "version": "8.12.1",
      "outputs_to_install": [
        "bin",
        "man"
      ],
      "outputs": {
        "bin": "/nix/store/86fqlv3ivlg7wxqg2zyxdaba79f964xc-curl-8.12.1-bin",
        "dev": "/nix/store/3gaqczbhg021cyxbdipa072bmwxn5rii-curl-8.12.1-dev",
        "devdoc": "/nix/store/6ln0174ccp76y126pjypqmh3i2wakyv3-curl-8.12.1-devdoc",
        "man": "/nix/store/pbbm6l8x61w0n0v1f0q5k8fbl3wrwdhx-curl-8.12.1-man",
        "out": "/nix/store/qgag9flqkdc2pplvcvzbrbicy66yh3fn-curl-8.12.1"
      },
      "system": "aarch64-darwin",
      "group": "toplevel",
      "priority": 5
    },
    {
      "attr_path": "curl",
      "broken": false,
      "derivation": "/nix/store/g8l0vbzmxrr6qw44wgqllb4mw5sl8g5s-curl-8.12.1.drv",
      "description": "Command line tool for transferring files with URL syntax",
      "install_id": "curl",
      "license": "curl",
      "locked_url": "https://github.com/flox/nixpkgs?rev=5e5402ecbcb27af32284d4a62553c019a3a49ea6",
      "name": "curl-8.12.1",
      "pname": "curl",
      "rev": "5e5402ecbcb27af32284d4a62553c019a3a49ea6",
      "rev_count": 775060,
      "rev_date": "2025-03-27T17:14:43Z",
      "scrape_date": "2025-03-29T01:27:28.849847Z",
      "stabilities": [
        "unstable"
      ],
      "unfree": false,
      "version": "8.12.1",
      "outputs_to_install": [
        "bin",
        "man"
      ],
      "outputs": {
        "bin": "/nix/store/z7wva8na2xihw715flhf7qzxmzajh2ka-curl-8.12.1-bin",
        "debug": "/nix/store/775cbq71iyyscma2vvhwxjlpzx8fqqh9-curl-8.12.1-debug",
        "dev": "/nix/store/vgq4wjxqc1pg31i2hamypdj3zh1kjx74-curl-8.12.1-dev",
        "devdoc": "/nix/store/xynp72zh6y0d2xxisir41fd212hcz596-curl-8.12.1-devdoc",
        "man": "/nix/store/80njhwgrrzkzhi3mmbzy14vnq837m3zv-curl-8.12.1-man",
        "out": "/nix/store/g7hzmaxs3iyinjzx6rzci1wcrn0h0dhk-curl-8.12.1"
      },
      "system": "aarch64-linux",
      "group": "toplevel",
      "priority": 5
    },
    {
      "attr_path": "curl",
      "broken": false,
      "derivation": "/nix/store/3s3ckp7zjs4lr8lm98w4b6rvpy9zgqfm-curl-8.12.1.drv",
      "description": "Command line tool for transferring files with URL syntax",
      "install_id": "curl",
      "license": "curl",
      "locked_url": "https://github.com/flox/nixpkgs?rev=5e5402ecbcb27af32284d4a62553c019a3a49ea6",
      "name": "curl-8.12.1",
      "pname": "curl",
      "rev": "5e5402ecbcb27af32284d4a62553c019a3a49ea6",
      "rev_count": 775060,
      "rev_date": "2025-03-27T17:14:43Z",
      "scrape_date": "2025-03-29T01:42:40.090552Z",
      "stabilities": [
        "unstable"
      ],
      "unfree": false,
      "version": "8.12.1",
      "outputs_to_install": [
        "bin",
        "man"
      ],
      "outputs": {
        "bin": "/nix/store/p0x9dx56vyii50cwbv03wjkhwivpyg4b-curl-8.12.1-bin",
        "dev": "/nix/store/an8c76pbcv3sdli8cvg8sff8qnclh9rz-curl-8.12.1-dev",
        "devdoc": "/nix/store/kmwq1w6yjmb19glyqk3q6czn4kbg0xag-curl-8.12.1-devdoc",
        "man": "/nix/store/rac3x8bmq64rbm4msd83652vcby7ibav-curl-8.12.1-man",
        "out": "/nix/store/bi6qs79brnykvz8lc7kmjbmzxv3cjn1q-curl-8.12.1"
      },
      "system": "x86_64-darwin",
      "group": "toplevel",
      "priority": 5
    },
    {
      "attr_path": "curl",
      "broken": false,
      "derivation": "/nix/store/rlj4bd2wpskzaw28ciy9hzp7x5njl1mg-curl-8.12.1.drv",
      "description": "Command line tool for transferring files with URL syntax",
      "install_id": "curl",
      "license": "curl",
      "locked_url": "https://github.com/flox/nixpkgs?rev=5e5402ecbcb27af32284d4a62553c019a3a49ea6",
      "name": "curl-8.12.1",
      "pname": "curl",
      "rev": "5e5402ecbcb27af32284d4a62553c019a3a49ea6",
      "rev_count": 775060,
      "rev_date": "2025-03-27T17:14:43Z",
      "scrape_date": "2025-03-29T02:01:05.524571Z",
      "stabilities": [
        "unstable"
      ],
      "unfree": false,
      "version": "8.12.1",
      "outputs_to_install": [
        "bin",
        "man"
      ],
      "outputs": {
        "bin": "/nix/store/k27z9fx6v0msbsl2p54sx4sx0r8247m6-curl-8.12.1-bin",
        "debug": "/nix/store/w6wlkf6s83lnw87jvqgczqj2674ilx4a-curl-8.12.1-debug",
        "dev": "/nix/store/cn83nc0n8gkl0bi3spykczd3j44qkbq2-curl-8.12.1-dev",
        "devdoc": "/nix/store/ynv5wahwnghzk8v4zfbk8rmdn96cx4cf-curl-8.12.1-devdoc",
        "man": "/nix/store/03skkhbdzmivfr8c99rqbb9s5clfi0sy-curl-8.12.1-man",
        "out": "/nix/store/l6hzv5ms9fi7mx2j3xh0i42anyjcgpp8-curl-8.12.1"
      },
      "system": "x86_64-linux",
      "group": "toplevel",
      "priority": 5
    },
    {
      "attr_path": "gum",
      "broken": false,
      "derivation": "/nix/store/kbf3lrdp865dlb0yc2n8cbxn1dvcfpz4-gum-0.16.0.drv",
      "description": "Tasty Bubble Gum for your shell",
      "install_id": "gum",
      "license": "MIT",
      "locked_url": "https://github.com/flox/nixpkgs?rev=5e5402ecbcb27af32284d4a62553c019a3a49ea6",
      "name": "gum-0.16.0",
      "pname": "gum",
      "rev": "5e5402ecbcb27af32284d4a62553c019a3a49ea6",
      "rev_count": 775060,
      "rev_date": "2025-03-27T17:14:43Z",
      "scrape_date": "2025-03-29T01:10:05.856571Z",
      "stabilities": [
        "unstable"
      ],
      "unfree": false,
      "version": "0.16.0",
      "outputs_to_install": [
        "out"
      ],
      "outputs": {
        "out": "/nix/store/i2lcxxzcaylphmmjm2nqxlywq6xzqya8-gum-0.16.0"
      },
      "system": "aarch64-darwin",
      "group": "toplevel",
      "priority": 5
    },
    {
      "attr_path": "gum",
      "broken": false,
      "derivation": "/nix/store/58i0s7yhdp8vvz439gmsix573ym8c5q2-gum-0.16.0.drv",
      "description": "Tasty Bubble Gum for your shell",
      "install_id": "gum",
      "license": "MIT",
      "locked_url": "https://github.com/flox/nixpkgs?rev=5e5402ecbcb27af32284d4a62553c019a3a49ea6",
      "name": "gum-0.16.0",
      "pname": "gum",
      "rev": "5e5402ecbcb27af32284d4a62553c019a3a49ea6",
      "rev_count": 775060,
      "rev_date": "2025-03-27T17:14:43Z",
      "scrape_date": "2025-03-29T01:27:30.048973Z",
      "stabilities": [
        "unstable"
      ],
      "unfree": false,
      "version": "0.16.0",
      "outputs_to_install": [
        "out"
      ],
      "outputs": {
        "out": "/nix/store/d3xf6ih9k89ibb1lmch962fby3q3yxnk-gum-0.16.0"
      },
      "system": "aarch64-linux",
      "group": "toplevel",
      "priority": 5
    },
    {
      "attr_path": "gum",
      "broken": false,
      "derivation": "/nix/store/yjr81v2ziaymg72hjwndhgaldvm7gia4-gum-0.16.0.drv",
      "description": "Tasty Bubble Gum for your shell",
      "install_id": "gum",
      "license": "MIT",
      "locked_url": "https://github.com/flox/nixpkgs?rev=5e5402ecbcb27af32284d4a62553c019a3a49ea6",
      "name": "gum-0.16.0",
      "pname": "gum",
      "rev": "5e5402ecbcb27af32284d4a62553c019a3a49ea6",
      "rev_count": 775060,
      "rev_date": "2025-03-27T17:14:43Z",
      "scrape_date": "2025-03-29T01:42:40.650837Z",
      "stabilities": [
        "unstable"
      ],
      "unfree": false,
      "version": "0.16.0",
      "outputs_to_install": [
        "out"
      ],
      "outputs": {
        "out": "/nix/store/rr8sls8dyy2sfaxy2nfx3bcb6a4lzzi1-gum-0.16.0"
      },
      "system": "x86_64-darwin",
      "group": "toplevel",
      "priority": 5
    },
    {
      "attr_path": "gum",
      "broken": false,
      "derivation": "/nix/store/n1sip83yr4s0ffhwacxvnib3acdgzb75-gum-0.16.0.drv",
      "description": "Tasty Bubble Gum for your shell",
      "install_id": "gum",
      "license": "MIT",
      "locked_url": "https://github.com/flox/nixpkgs?rev=5e5402ecbcb27af32284d4a62553c019a3a49ea6",
      "name": "gum-0.16.0",
      "pname": "gum",
      "rev": "5e5402ecbcb27af32284d4a62553c019a3a49ea6",
      "rev_count": 775060,
      "rev_date": "2025-03-27T17:14:43Z",
      "scrape_date": "2025-03-29T02:01:06.906921Z",
      "stabilities": [
        "unstable"
      ],
      "unfree": false,
      "version": "0.16.0",
      "outputs_to_install": [
        "out"
      ],
      "outputs": {
        "out": "/nix/store/nr5f79bif524lvnd1ynlpag9bgc0ipph-gum-0.16.0"
      },
      "system": "x86_64-linux",
      "group": "toplevel",
      "priority": 5
    },
    {
      "attr_path": "nodejs",
      "broken": false,
      "derivation": "/nix/store/4bl62dvqxj7m1c9jf0h6i7dj8kvmfph3-nodejs-22.14.0.drv",
      "description": "Event-driven I/O framework for the V8 JavaScript engine",
      "install_id": "nodejs",
      "license": "MIT",
      "locked_url": "https://github.com/flox/nixpkgs?rev=5e5402ecbcb27af32284d4a62553c019a3a49ea6",
      "name": "nodejs-22.14.0",
      "pname": "nodejs",
      "rev": "5e5402ecbcb27af32284d4a62553c019a3a49ea6",
      "rev_count": 775060,
      "rev_date": "2025-03-27T17:14:43Z",
      "scrape_date": "2025-03-29T01:10:07.852948Z",
      "stabilities": [
        "unstable"
      ],
      "unfree": false,
      "version": "22.14.0",
      "outputs_to_install": [
        "out"
      ],
      "outputs": {
        "libv8": "/nix/store/4m6xhygkx74fsd5k99nihgr7vg85f553-nodejs-22.14.0-libv8",
        "out": "/nix/store/i1v519j66jmvpqr5h382i9nanxwa5l6n-nodejs-22.14.0"
      },
      "system": "aarch64-darwin",
      "group": "toplevel",
      "priority": 5
    },
    {
      "attr_path": "nodejs",
      "broken": false,
      "derivation": "/nix/store/m8khc780w6kw2yrzfg4f6d53d8midsr2-nodejs-22.14.0.drv",
      "description": "Event-driven I/O framework for the V8 JavaScript engine",
      "install_id": "nodejs",
      "license": "MIT",
      "locked_url": "https://github.com/flox/nixpkgs?rev=5e5402ecbcb27af32284d4a62553c019a3a49ea6",
      "name": "nodejs-22.14.0",
      "pname": "nodejs",
      "rev": "5e5402ecbcb27af32284d4a62553c019a3a49ea6",
      "rev_count": 775060,
      "rev_date": "2025-03-27T17:14:43Z",
      "scrape_date": "2025-03-29T01:27:38.442015Z",
      "stabilities": [
        "unstable"
      ],
      "unfree": false,
      "version": "22.14.0",
      "outputs_to_install": [
        "out"
      ],
      "outputs": {
        "libv8": "/nix/store/s8407q9aa2mi2b60zk2mkjjdnv4qw87x-nodejs-22.14.0-libv8",
        "out": "/nix/store/p6183qmkyfkz5sqlv4wbw6a2nnh1r8jf-nodejs-22.14.0"
      },
      "system": "aarch64-linux",
      "group": "toplevel",
      "priority": 5
    },
    {
      "attr_path": "nodejs",
      "broken": false,
      "derivation": "/nix/store/196ab1kxhfzgd8vv2vspas0r7h4hxks8-nodejs-22.14.0.drv",
      "description": "Event-driven I/O framework for the V8 JavaScript engine",
      "install_id": "nodejs",
      "license": "MIT",
      "locked_url": "https://github.com/flox/nixpkgs?rev=5e5402ecbcb27af32284d4a62553c019a3a49ea6",
      "name": "nodejs-22.14.0",
      "pname": "nodejs",
      "rev": "5e5402ecbcb27af32284d4a62553c019a3a49ea6",
      "rev_count": 775060,
      "rev_date": "2025-03-27T17:14:43Z",
      "scrape_date": "2025-03-29T01:42:42.637999Z",
      "stabilities": [
        "unstable"
      ],
      "unfree": false,
      "version": "22.14.0",
      "outputs_to_install": [
        "out"
      ],
      "outputs": {
        "libv8": "/nix/store/sx5pbfq09qkl6bfxcljmhf5s1z049693-nodejs-22.14.0-libv8",
        "out": "/nix/store/mxpq0x25ayiliy6938pflhqvfc1nznkl-nodejs-22.14.0"
      },
      "system": "x86_64-darwin",
      "group": "toplevel",
      "priority": 5
    },
    {
      "attr_path": "nodejs",
      "broken": false,
      "derivation": "/nix/store/krrkhhd5vs17c7mx5zrqivf0rrl8w8kq-nodejs-22.14.0.drv",
      "description": "Event-driven I/O framework for the V8 JavaScript engine",
      "install_id": "nodejs",
      "license": "MIT",
      "locked_url": "https://github.com/flox/nixpkgs?rev=5e5402ecbcb27af32284d4a62553c019a3a49ea6",
      "name": "nodejs-22.14.0",
      "pname": "nodejs",
      "rev": "5e5402ecbcb27af32284d4a62553c019a3a49ea6",
      "rev_count": 775060,
      "rev_date": "2025-03-27T17:14:43Z",
      "scrape_date": "2025-03-29T02:01:17.022125Z",
      "stabilities": [
        "unstable"
      ],
      "unfree": false,
      "version": "22.14.0",
      "outputs_to_install": [
        "out"
      ],
      "outputs": {
        "libv8": "/nix/store/j4w6685rkqwwl03cc8phm8xiyb2xmbnq-nodejs-22.14.0-libv8",
        "out": "/nix/store/bmakyv5ip1wc9jk155glzdw4vnnrym04-nodejs-22.14.0"
      },
      "system": "x86_64-linux",
      "group": "toplevel",
      "priority": 5
    },
    {
      "attr_path": "python312Packages.pip",
      "broken": false,
      "derivation": "/nix/store/2ixfqmr6n0jp0ji7132cahx4hk3kprrr-python3.12-pip-25.0.1.drv",
      "description": "PyPA recommended tool for installing Python packages",
      "install_id": "pip",
      "license": "[ MIT ]",
      "locked_url": "https://github.com/flox/nixpkgs?rev=5e5402ecbcb27af32284d4a62553c019a3a49ea6",
      "name": "python3.12-pip-25.0.1",
      "pname": "pip",
      "rev": "5e5402ecbcb27af32284d4a62553c019a3a49ea6",
      "rev_count": 775060,
      "rev_date": "2025-03-27T17:14:43Z",
      "scrape_date": "2025-03-29T01:10:17.662582Z",
      "stabilities": [
        "unstable"
      ],
      "unfree": false,
      "version": "25.0.1",
      "outputs_to_install": [
        "man",
        "out"
      ],
      "outputs": {
        "dist": "/nix/store/m4c3wmy7ls7f2023jwzjzlwbc8jn4l0p-python3.12-pip-25.0.1-dist",
        "man": "/nix/store/cb5fijd1xhbly1hgqi0yhxhbb2isbnmy-python3.12-pip-25.0.1-man",
        "out": "/nix/store/0cyzisjbp0bxwdw55b8nl19jk4g2ryil-python3.12-pip-25.0.1"
      },
      "system": "aarch64-darwin",
      "group": "toplevel",
      "priority": 5
    },
    {
      "attr_path": "python312Packages.pip",
      "broken": false,
      "derivation": "/nix/store/vj5md45g56fph99zgd66xmrnpq24jzb6-python3.12-pip-25.0.1.drv",
      "description": "PyPA recommended tool for installing Python packages",
      "install_id": "pip",
      "license": "[ MIT ]",
      "locked_url": "https://github.com/flox/nixpkgs?rev=5e5402ecbcb27af32284d4a62553c019a3a49ea6",
      "name": "python3.12-pip-25.0.1",
      "pname": "pip",
      "rev": "5e5402ecbcb27af32284d4a62553c019a3a49ea6",
      "rev_count": 775060,
      "rev_date": "2025-03-27T17:14:43Z",
      "scrape_date": "2025-03-29T01:27:55.823983Z",
      "stabilities": [
        "unstable"
      ],
      "unfree": false,
      "version": "25.0.1",
      "outputs_to_install": [
        "man",
        "out"
      ],
      "outputs": {
        "dist": "/nix/store/pzi38jap0mfjh17z5h8kamiw7yl80r38-python3.12-pip-25.0.1-dist",
        "man": "/nix/store/kn7fzrhjn0cq4041yjygih3br1ryxkj0-python3.12-pip-25.0.1-man",
        "out": "/nix/store/kzbc2c0mi739xn67v6bw7996diwz3gxj-python3.12-pip-25.0.1"
      },
      "system": "aarch64-linux",
      "group": "toplevel",
      "priority": 5
    },
    {
      "attr_path": "python312Packages.pip",
      "broken": false,
      "derivation": "/nix/store/4dw25g5x63msibzascb9x15lc8dliwvl-python3.12-pip-25.0.1.drv",
      "description": "PyPA recommended tool for installing Python packages",
      "install_id": "pip",
      "license": "[ MIT ]",
      "locked_url": "https://github.com/flox/nixpkgs?rev=5e5402ecbcb27af32284d4a62553c019a3a49ea6",
      "name": "python3.12-pip-25.0.1",
      "pname": "pip",
      "rev": "5e5402ecbcb27af32284d4a62553c019a3a49ea6",
      "rev_count": 775060,
      "rev_date": "2025-03-27T17:14:43Z",
      "scrape_date": "2025-03-29T01:42:52.436899Z",
      "stabilities": [
        "unstable"
      ],
      "unfree": false,
      "version": "25.0.1",
      "outputs_to_install": [
        "man",
        "out"
      ],
      "outputs": {
        "dist": "/nix/store/3nirc736dh8p8kn1r0lr2pwvkcv0mnn0-python3.12-pip-25.0.1-dist",
        "man": "/nix/store/0gb727pfpchr3cml4qkpab7nhfga1ipr-python3.12-pip-25.0.1-man",
        "out": "/nix/store/2zamcamk21mwhdpxizvln579vrkjfb11-python3.12-pip-25.0.1"
      },
      "system": "x86_64-darwin",
      "group": "toplevel",
      "priority": 5
    },
    {
      "attr_path": "python312Packages.pip",
      "broken": false,
      "derivation": "/nix/store/v20yxi8wralra40q4vyryj3r60m9i7lj-python3.12-pip-25.0.1.drv",
      "description": "PyPA recommended tool for installing Python packages",
      "install_id": "pip",
      "license": "[ MIT ]",
      "locked_url": "https://github.com/flox/nixpkgs?rev=5e5402ecbcb27af32284d4a62553c019a3a49ea6",
      "name": "python3.12-pip-25.0.1",
      "pname": "pip",
      "rev": "5e5402ecbcb27af32284d4a62553c019a3a49ea6",
      "rev_count": 775060,
      "rev_date": "2025-03-27T17:14:43Z",
      "scrape_date": "2025-03-29T02:01:36.213886Z",
      "stabilities": [
        "unstable"
      ],
      "unfree": false,
      "version": "25.0.1",
      "outputs_to_install": [
        "man",
        "out"
      ],
      "outputs": {
        "dist": "/nix/store/jimva08akkqx0664d5wv9vpp77gmfd21-python3.12-pip-25.0.1-dist",
        "man": "/nix/store/ki6m2w4b4jk1iz9pz0vb8v7x0p60p84l-python3.12-pip-25.0.1-man",
        "out": "/nix/store/n4k89cdabvy17hw583d5h150q6sm3brd-python3.12-pip-25.0.1"
      },
      "system": "x86_64-linux",
      "group": "toplevel",
      "priority": 5
    },
    {
      "attr_path": "uv",
      "broken": false,
      "derivation": "/nix/store/qbfldkvyxdhilcb2018glq57dq914231-uv-0.6.10.drv",
      "description": "Extremely fast Python package installer and resolver, written in Rust",
      "install_id": "uv",
      "license": "[ Apache-2.0, MIT ]",
      "locked_url": "https://github.com/flox/nixpkgs?rev=5e5402ecbcb27af32284d4a62553c019a3a49ea6",
      "name": "uv-0.6.10",
      "pname": "uv",
      "rev": "5e5402ecbcb27af32284d4a62553c019a3a49ea6",
      "rev_count": 775060,
      "rev_date": "2025-03-27T17:14:43Z",
      "scrape_date": "2025-03-29T01:10:53.612664Z",
      "stabilities": [
        "unstable"
      ],
      "unfree": false,
      "version": "0.6.10",
      "outputs_to_install": [
        "out"
      ],
      "outputs": {
        "out": "/nix/store/mxbd5dskidm87s7pkifn4j999xvgw1l4-uv-0.6.10"
      },
      "system": "aarch64-darwin",
      "group": "toplevel",
      "priority": 5
    },
    {
      "attr_path": "uv",
      "broken": false,
      "derivation": "/nix/store/2n4crplffiqzad33q9mc6ifbnyflqijb-uv-0.6.10.drv",
      "description": "Extremely fast Python package installer and resolver, written in Rust",
      "install_id": "uv",
      "license": "[ Apache-2.0, MIT ]",
      "locked_url": "https://github.com/flox/nixpkgs?rev=5e5402ecbcb27af32284d4a62553c019a3a49ea6",
      "name": "uv-0.6.10",
      "pname": "uv",
      "rev": "5e5402ecbcb27af32284d4a62553c019a3a49ea6",
      "rev_count": 775060,
      "rev_date": "2025-03-27T17:14:43Z",
      "scrape_date": "2025-03-29T01:28:47.843022Z",
      "stabilities": [
        "unstable"
      ],
      "unfree": false,
      "version": "0.6.10",
      "outputs_to_install": [
        "out"
      ],
      "outputs": {
        "out": "/nix/store/92zlw4nxh07nfbk0pj0ig37bc2j1n72z-uv-0.6.10"
      },
      "system": "aarch64-linux",
      "group": "toplevel",
      "priority": 5
    },
    {
      "attr_path": "uv",
      "broken": false,
      "derivation": "/nix/store/l6j4ynbacf01zl2bjh27jvss7a4p4dp1-uv-0.6.10.drv",
      "description": "Extremely fast Python package installer and resolver, written in Rust",
      "install_id": "uv",
      "license": "[ Apache-2.0, MIT ]",
      "locked_url": "https://github.com/flox/nixpkgs?rev=5e5402ecbcb27af32284d4a62553c019a3a49ea6",
      "name": "uv-0.6.10",
      "pname": "uv",
      "rev": "5e5402ecbcb27af32284d4a62553c019a3a49ea6",
      "rev_count": 775060,
      "rev_date": "2025-03-27T17:14:43Z",
      "scrape_date": "2025-03-29T01:43:28.625523Z",
      "stabilities": [
        "unstable"
      ],
      "unfree": false,
      "version": "0.6.10",
      "outputs_to_install": [
        "out"
      ],
      "outputs": {
        "out": "/nix/store/jrv7awaxyr77ksx6fjm7nqrqxx54svg3-uv-0.6.10"
      },
      "system": "x86_64-darwin",
      "group": "toplevel",
      "priority": 5
    },
    {
      "attr_path": "uv",
      "broken": false,
      "derivation": "/nix/store/qhxqz6abyp1h6px206xs8q1h5dv0s73h-uv-0.6.10.drv",
      "description": "Extremely fast Python package installer and resolver, written in Rust",
      "install_id": "uv",
      "license": "[ Apache-2.0, MIT ]",
      "locked_url": "https://github.com/flox/nixpkgs?rev=5e5402ecbcb27af32284d4a62553c019a3a49ea6",
      "name": "uv-0.6.10",
      "pname": "uv",
      "rev": "5e5402ecbcb27af32284d4a62553c019a3a49ea6",
      "rev_count": 775060,
      "rev_date": "2025-03-27T17:14:43Z",
      "scrape_date": "2025-03-29T02:02:32.424109Z",
      "stabilities": [
        "unstable"
      ],
      "unfree": false,
      "version": "0.6.10",
      "outputs_to_install": [
        "out"
      ],
      "outputs": {
        "out": "/nix/store/jcg8fnn76jdvf3aygbkh350cs9hgr9jb-uv-0.6.10"
      },
      "system": "x86_64-linux",
      "group": "toplevel",
      "priority": 5
    }
  ]
}